
Microsoft Visual Studio Solution File, Format Version 12.00
# Visual Studio Version 17
VisualStudioVersion = 17.12.35707.178 d17.12
MinimumVisualStudioVersion = 10.0.40219.1
Project("{FAE04EC0-301F-11D3-BF4B-00C04F79EFBC}") = "arac_kullanimlari", "arac_kullanimlari\arac_kullanimlari.csproj", "{38B62C88-C26C-45C8-8327-4E28F1D4E8BE}"
EndProject
Global
	GlobalSection(SolutionConfigurationPlatforms) = preSolution
		Debug|Any CPU = Debug|Any CPU
		Release|Any CPU = Release|Any CPU
	EndGlobalSection
	GlobalSection(ProjectConfigurationPlatforms) = postSolution
		{38B62C88-C26C-45C8-8327-4E28F1D4E8BE}.Debug|Any CPU.ActiveCfg = Debug|Any CPU
		{38B62C88-C26C-45C8-8327-4E28F1D4E8BE}.Debug|Any CPU.Build.0 = Debug|Any CPU
		{38B62C88-C26C-45C8-8327-4E28F1D4E8BE}.Release|Any CPU.ActiveCfg = Release|Any CPU
		{38B62C88-C26C-45C8-8327-4E28F1D4E8BE}.Release|Any CPU.Build.0 = Release|Any CPU
	EndGlobalSection
	GlobalSection(SolutionProperties) = preSolution
		HideSolutionNode = FALSE
	EndGlobalSection
EndGlobal
